
Microsoft Visual Studio Solution File, Format Version 12.00
# Visual Studio 15
VisualStudioVersion = 15.0.28307.1145
MinimumVisualStudioVersion = 10.0.40219.1
Project("{FAE04EC0-301F-11D3-BF4B-00C04F79EFBC}") = "Sales.Android", "Sales\Sales.Android\Sales.Android.csproj", "{63F0D04A-2E54-498C-8CD9-AC540D07DC61}"
EndProject
Project("{FAE04EC0-301F-11D3-BF4B-00C04F79EFBC}") = "Sales.iOS", "Sales\Sales.iOS\Sales.iOS.csproj", "{7B875D42-62F1-4A0B-915A-7FF1A42267AC}"
EndProject
Project("{9A19103F-16F7-4668-BE54-9A1E7A4F7556}") = "Sales", "Sales\Sales\Sales.csproj", "{B1B1B981-B16B-4EE8-8934-78CB5CFD3D4E}"
EndProject
Project("{FAE04EC0-301F-11D3-BF4B-00C04F79EFBC}") = "Sales.Backend", "Sales.Backend\Sales.Backend.csproj", "{11D2DE03-CD50-4877-9D4D-7735857C217D}"
EndProject
Project("{FAE04EC0-301F-11D3-BF4B-00C04F79EFBC}") = "Sales.API", "Sales.API\Sales.API.csproj", "{459A2A48-ED63-4E8A-B659-8B4F973918AC}"
EndProject
Project("{FAE04EC0-301F-11D3-BF4B-00C04F79EFBC}") = "Sales.Domain", "Sales.Domain\Sales.Domain.csproj", "{983EE18A-B341-44E6-A7E7-66E3C51F7650}"
EndProject
Project("{FAE04EC0-301F-11D3-BF4B-00C04F79EFBC}") = "Sales.Common", "Sales.Common\Sales.Common.csproj", "{467B5114-BDB9-4CC9-9B78-4AE3F77372D0}"
EndProject
Global
	GlobalSection(SolutionConfigurationPlatforms) = preSolution
		Ad-Hoc|Any CPU = Ad-Hoc|Any CPU
		Ad-Hoc|iPhone = Ad-Hoc|iPhone
		Ad-Hoc|iPhoneSimulator = Ad-Hoc|iPhoneSimulator
		AppStore|Any CPU = AppStore|Any CPU
		AppStore|iPhone = AppStore|iPhone
		AppStore|iPhoneSimulator = AppStore|iPhoneSimulator
		Debug|Any CPU = Debug|Any CPU
		Debug|iPhone = Debug|iPhone
		Debug|iPhoneSimulator = Debug|iPhoneSimulator
		Release|Any CPU = Release|Any CPU
		Release|iPhone = Release|iPhone
		Release|iPhoneSimulator = Release|iPhoneSimulator
	EndGlobalSection
	GlobalSection(ProjectConfigurationPlatforms) = postSolution
		{63F0D04A-2E54-498C-8CD9-AC540D07DC61}.Ad-Hoc|Any CPU.ActiveCfg = Release|Any CPU
		{63F0D04A-2E54-498C-8CD9-AC540D07DC61}.Ad-Hoc|Any CPU.Build.0 = Release|Any CPU
		{63F0D04A-2E54-498C-8CD9-AC540D07DC61}.Ad-Hoc|Any CPU.Deploy.0 = Release|Any CPU
		{63F0D04A-2E54-498C-8CD9-AC540D07DC61}.Ad-Hoc|iPhone.ActiveCfg = Release|Any CPU
		{63F0D04A-2E54-498C-8CD9-AC540D07DC61}.Ad-Hoc|iPhone.Build.0 = Release|Any CPU
		{63F0D04A-2E54-498C-8CD9-AC540D07DC61}.Ad-Hoc|iPhone.Deploy.0 = Release|Any CPU
		{63F0D04A-2E54-498C-8CD9-AC540D07DC61}.Ad-Hoc|iPhoneSimulator.ActiveCfg = Release|Any CPU
		{63F0D04A-2E54-498C-8CD9-AC540D07DC61}.Ad-Hoc|iPhoneSimulator.Build.0 = Release|Any CPU
		{63F0D04A-2E54-498C-8CD9-AC540D07DC61}.Ad-Hoc|iPhoneSimulator.Deploy.0 = Release|Any CPU
		{63F0D04A-2E54-498C-8CD9-AC540D07DC61}.AppStore|Any CPU.ActiveCfg = Release|Any CPU
		{63F0D04A-2E54-498C-8CD9-AC540D07DC61}.AppStore|Any CPU.Build.0 = Release|Any CPU
		{63F0D04A-2E54-498C-8CD9-AC540D07DC61}.AppStore|Any CPU.Deploy.0 = Release|Any CPU
		{63F0D04A-2E54-498C-8CD9-AC540D07DC61}.AppStore|iPhone.ActiveCfg = Release|Any CPU
		{63F0D04A-2E54-498C-8CD9-AC540D07DC61}.AppStore|iPhone.Build.0 = Release|Any CPU
		{63F0D04A-2E54-498C-8CD9-AC540D07DC61}.AppStore|iPhone.Deploy.0 = Release|Any CPU
		{63F0D04A-2E54-498C-8CD9-AC540D07DC61}.AppStore|iPhoneSimulator.ActiveCfg = Release|Any CPU
		{63F0D04A-2E54-498C-8CD9-AC540D07DC61}.AppStore|iPhoneSimulator.Build.0 = Release|Any CPU
		{63F0D04A-2E54-498C-8CD9-AC540D07DC61}.AppStore|iPhoneSimulator.Deploy.0 = Release|Any CPU
		{63F0D04A-2E54-498C-8CD9-AC540D07DC61}.Debug|Any CPU.ActiveCfg = Debug|Any CPU
		{63F0D04A-2E54-498C-8CD9-AC540D07DC61}.Debug|Any CPU.Build.0 = Debug|Any CPU
		{63F0D04A-2E54-498C-8CD9-AC540D07DC61}.Debug|Any CPU.Deploy.0 = Debug|Any CPU
		{63F0D04A-2E54-498C-8CD9-AC540D07DC61}.Debug|iPhone.ActiveCfg = Debug|Any CPU
		{63F0D04A-2E54-498C-8CD9-AC540D07DC61}.Debug|iPhone.Build.0 = Debug|Any CPU
		{63F0D04A-2E54-498C-8CD9-AC540D07DC61}.Debug|iPhone.Deploy.0 = Debug|Any CPU
		{63F0D04A-2E54-498C-8CD9-AC540D07DC61}.Debug|iPhoneSimulator.ActiveCfg = Debug|Any CPU
		{63F0D04A-2E54-498C-8CD9-AC540D07DC61}.Debug|iPhoneSimulator.Build.0 = Debug|Any CPU
		{63F0D04A-2E54-498C-8CD9-AC540D07DC61}.Debug|iPhoneSimulator.Deploy.0 = Debug|Any CPU
		{63F0D04A-2E54-498C-8CD9-AC540D07DC61}.Release|Any CPU.ActiveCfg = Release|Any CPU
		{63F0D04A-2E54-498C-8CD9-AC540D07DC61}.Release|Any CPU.Build.0 = Release|Any CPU
		{63F0D04A-2E54-498C-8CD9-AC540D07DC61}.Release|Any CPU.Deploy.0 = Release|Any CPU
		{63F0D04A-2E54-498C-8CD9-AC540D07DC61}.Release|iPhone.ActiveCfg = Release|Any CPU
		{63F0D04A-2E54-498C-8CD9-AC540D07DC61}.Release|iPhone.Build.0 = Release|Any CPU
		{63F0D04A-2E54-498C-8CD9-AC540D07DC61}.Release|iPhone.Deploy.0 = Release|Any CPU
		{63F0D04A-2E54-498C-8CD9-AC540D07DC61}.Release|iPhoneSimulator.ActiveCfg = Release|Any CPU
		{63F0D04A-2E54-498C-8CD9-AC540D07DC61}.Release|iPhoneSimulator.Build.0 = Release|Any CPU
		{63F0D04A-2E54-498C-8CD9-AC540D07DC61}.Release|iPhoneSimulator.Deploy.0 = Release|Any CPU
		{7B875D42-62F1-4A0B-915A-7FF1A42267AC}.Ad-Hoc|Any CPU.ActiveCfg = Ad-Hoc|iPhone
		{7B875D42-62F1-4A0B-915A-7FF1A42267AC}.Ad-Hoc|Any CPU.Build.0 = Ad-Hoc|iPhone
		{7B875D42-62F1-4A0B-915A-7FF1A42267AC}.Ad-Hoc|Any CPU.Deploy.0 = Ad-Hoc|iPhone
		{7B875D42-62F1-4A0B-915A-7FF1A42267AC}.Ad-Hoc|iPhone.ActiveCfg = Ad-Hoc|iPhone
		{7B875D42-62F1-4A0B-915A-7FF1A42267AC}.Ad-Hoc|iPhone.Build.0 = Ad-Hoc|iPhone
		{7B875D42-62F1-4A0B-915A-7FF1A42267AC}.Ad-Hoc|iPhone.Deploy.0 = Ad-Hoc|iPhone
		{7B875D42-62F1-4A0B-915A-7FF1A42267AC}.Ad-Hoc|iPhoneSimulator.ActiveCfg = Ad-Hoc|iPhoneSimulator
		{7B875D42-62F1-4A0B-915A-7FF1A42267AC}.Ad-Hoc|iPhoneSimulator.Build.0 = Ad-Hoc|iPhoneSimulator
		{7B875D42-62F1-4A0B-915A-7FF1A42267AC}.Ad-Hoc|iPhoneSimulator.Deploy.0 = Ad-Hoc|iPhoneSimulator
		{7B875D42-62F1-4A0B-915A-7FF1A42267AC}.AppStore|Any CPU.ActiveCfg = AppStore|iPhone
		{7B875D42-62F1-4A0B-915A-7FF1A42267AC}.AppStore|Any CPU.Build.0 = AppStore|iPhone
		{7B875D42-62F1-4A0B-915A-7FF1A42267AC}.AppStore|Any CPU.Deploy.0 = AppStore|iPhone
		{7B875D42-62F1-4A0B-915A-7FF1A42267AC}.AppStore|iPhone.ActiveCfg = AppStore|iPhone
		{7B875D42-62F1-4A0B-915A-7FF1A42267AC}.AppStore|iPhone.Build.0 = AppStore|iPhone
		{7B875D42-62F1-4A0B-915A-7FF1A42267AC}.AppStore|iPhone.Deploy.0 = AppStore|iPhone
		{7B875D42-62F1-4A0B-915A-7FF1A42267AC}.AppStore|iPhoneSimulator.ActiveCfg = AppStore|iPhoneSimulator
		{7B875D42-62F1-4A0B-915A-7FF1A42267AC}.AppStore|iPhoneSimulator.Build.0 = AppStore|iPhoneSimulator
		{7B875D42-62F1-4A0B-915A-7FF1A42267AC}.AppStore|iPhoneSimulator.Deploy.0 = AppStore|iPhoneSimulator
		{7B875D42-62F1-4A0B-915A-7FF1A42267AC}.Debug|Any CPU.ActiveCfg = Debug|iPhoneSimulator
		{7B875D42-62F1-4A0B-915A-7FF1A42267AC}.Debug|Any CPU.Build.0 = Debug|iPhoneSimulator
		{7B875D42-62F1-4A0B-915A-7FF1A42267AC}.Debug|Any CPU.Deploy.0 = Debug|iPhoneSimulator
		{7B875D42-62F1-4A0B-915A-7FF1A42267AC}.Debug|iPhone.ActiveCfg = Debug|iPhone
		{7B875D42-62F1-4A0B-915A-7FF1A42267AC}.Debug|iPhone.Build.0 = Debug|iPhone
		{7B875D42-62F1-4A0B-915A-7FF1A42267AC}.Debug|iPhone.Deploy.0 = Debug|iPhone
		{7B875D42-62F1-4A0B-915A-7FF1A42267AC}.Debug|iPhoneSimulator.ActiveCfg = Debug|iPhoneSimulator
		{7B875D42-62F1-4A0B-915A-7FF1A42267AC}.Debug|iPhoneSimulator.Build.0 = Debug|iPhoneSimulator
		{7B875D42-62F1-4A0B-915A-7FF1A42267AC}.Debug|iPhoneSimulator.Deploy.0 = Debug|iPhoneSimulator
		{7B875D42-62F1-4A0B-915A-7FF1A42267AC}.Release|Any CPU.ActiveCfg = Release|iPhone
		{7B875D42-62F1-4A0B-915A-7FF1A42267AC}.Release|Any CPU.Build.0 = Release|iPhone
		{7B875D42-62F1-4A0B-915A-7FF1A42267AC}.Release|Any CPU.Deploy.0 = Release|iPhone
		{7B875D42-62F1-4A0B-915A-7FF1A42267AC}.Release|iPhone.ActiveCfg = Release|iPhone
		{7B875D42-62F1-4A0B-915A-7FF1A42267AC}.Release|iPhone.Build.0 = Release|iPhone
		{7B875D42-62F1-4A0B-915A-7FF1A42267AC}.Release|iPhone.Deploy.0 = Release|iPhone
		{7B875D42-62F1-4A0B-915A-7FF1A42267AC}.Release|iPhoneSimulator.ActiveCfg = Release|iPhoneSimulator
		{7B875D42-62F1-4A0B-915A-7FF1A42267AC}.Release|iPhoneSimulator.Build.0 = Release|iPhoneSimulator
		{7B875D42-62F1-4A0B-915A-7FF1A42267AC}.Release|iPhoneSimulator.Deploy.0 = Release|iPhoneSimulator
		{B1B1B981-B16B-4EE8-8934-78CB5CFD3D4E}.Ad-Hoc|Any CPU.ActiveCfg = Debug|Any CPU
		{B1B1B981-B16B-4EE8-8934-78CB5CFD3D4E}.Ad-Hoc|Any CPU.Build.0 = Debug|Any CPU
		{B1B1B981-B16B-4EE8-8934-78CB5CFD3D4E}.Ad-Hoc|Any CPU.Deploy.0 = Debug|Any CPU
		{B1B1B981-B16B-4EE8-8934-78CB5CFD3D4E}.Ad-Hoc|iPhone.ActiveCfg = Debug|Any CPU
		{B1B1B981-B16B-4EE8-8934-78CB5CFD3D4E}.Ad-Hoc|iPhone.Build.0 = Debug|Any CPU
		{B1B1B981-B16B-4EE8-8934-78CB5CFD3D4E}.Ad-Hoc|iPhone.Deploy.0 = Debug|Any CPU
		{B1B1B981-B16B-4EE8-8934-78CB5CFD3D4E}.Ad-Hoc|iPhoneSimulator.ActiveCfg = Debug|Any CPU
		{B1B1B981-B16B-4EE8-8934-78CB5CFD3D4E}.Ad-Hoc|iPhoneSimulator.Build.0 = Debug|Any CPU
		{B1B1B981-B16B-4EE8-8934-78CB5CFD3D4E}.Ad-Hoc|iPhoneSimulator.Deploy.0 = Debug|Any CPU
		{B1B1B981-B16B-4EE8-8934-78CB5CFD3D4E}.AppStore|Any CPU.ActiveCfg = Debug|Any CPU
		{B1B1B981-B16B-4EE8-8934-78CB5CFD3D4E}.AppStore|Any CPU.Build.0 = Debug|Any CPU
		{B1B1B981-B16B-4EE8-8934-78CB5CFD3D4E}.AppStore|Any CPU.Deploy.0 = Debug|Any CPU
		{B1B1B981-B16B-4EE8-8934-78CB5CFD3D4E}.AppStore|iPhone.ActiveCfg = Debug|Any CPU
		{B1B1B981-B16B-4EE8-8934-78CB5CFD3D4E}.AppStore|iPhone.Build.0 = Debug|Any CPU
		{B1B1B981-B16B-4EE8-8934-78CB5CFD3D4E}.AppStore|iPhone.Deploy.0 = Debug|Any CPU
		{B1B1B981-B16B-4EE8-8934-78CB5CFD3D4E}.AppStore|iPhoneSimulator.ActiveCfg = Debug|Any CPU
		{B1B1B981-B16B-4EE8-8934-78CB5CFD3D4E}.AppStore|iPhoneSimulator.Build.0 = Debug|Any CPU
		{B1B1B981-B16B-4EE8-8934-78CB5CFD3D4E}.AppStore|iPhoneSimulator.Deploy.0 = Debug|Any CPU
		{B1B1B981-B16B-4EE8-8934-78CB5CFD3D4E}.Debug|Any CPU.ActiveCfg = Debug|Any CPU
		{B1B1B981-B16B-4EE8-8934-78CB5CFD3D4E}.Debug|Any CPU.Build.0 = Debug|Any CPU
		{B1B1B981-B16B-4EE8-8934-78CB5CFD3D4E}.Debug|Any CPU.Deploy.0 = Debug|Any CPU
		{B1B1B981-B16B-4EE8-8934-78CB5CFD3D4E}.Debug|iPhone.ActiveCfg = Debug|Any CPU
		{B1B1B981-B16B-4EE8-8934-78CB5CFD3D4E}.Debug|iPhone.Build.0 = Debug|Any CPU
		{B1B1B981-B16B-4EE8-8934-78CB5CFD3D4E}.Debug|iPhone.Deploy.0 = Debug|Any CPU
		{B1B1B981-B16B-4EE8-8934-78CB5CFD3D4E}.Debug|iPhoneSimulator.ActiveCfg = Debug|Any CPU
		{B1B1B981-B16B-4EE8-8934-78CB5CFD3D4E}.Debug|iPhoneSimulator.Build.0 = Debug|Any CPU
		{B1B1B981-B16B-4EE8-8934-78CB5CFD3D4E}.Debug|iPhoneSimulator.Deploy.0 = Debug|Any CPU
		{B1B1B981-B16B-4EE8-8934-78CB5CFD3D4E}.Release|Any CPU.ActiveCfg = Release|Any CPU
		{B1B1B981-B16B-4EE8-8934-78CB5CFD3D4E}.Release|Any CPU.Build.0 = Release|Any CPU
		{B1B1B981-B16B-4EE8-8934-78CB5CFD3D4E}.Release|Any CPU.Deploy.0 = Release|Any CPU
		{B1B1B981-B16B-4EE8-8934-78CB5CFD3D4E}.Release|iPhone.ActiveCfg = Release|Any CPU
		{B1B1B981-B16B-4EE8-8934-78CB5CFD3D4E}.Release|iPhone.Build.0 = Release|Any CPU
		{B1B1B981-B16B-4EE8-8934-78CB5CFD3D4E}.Release|iPhone.Deploy.0 = Release|Any CPU
		{B1B1B981-B16B-4EE8-8934-78CB5CFD3D4E}.Release|iPhoneSimulator.ActiveCfg = Release|Any CPU
		{B1B1B981-B16B-4EE8-8934-78CB5CFD3D4E}.Release|iPhoneSimulator.Build.0 = Release|Any CPU
		{B1B1B981-B16B-4EE8-8934-78CB5CFD3D4E}.Release|iPhoneSimulator.Deploy.0 = Release|Any CPU
		{11D2DE03-CD50-4877-9D4D-7735857C217D}.Ad-Hoc|Any CPU.ActiveCfg = Release|Any CPU
		{11D2DE03-CD50-4877-9D4D-7735857C217D}.Ad-Hoc|Any CPU.Build.0 = Release|Any CPU
		{11D2DE03-CD50-4877-9D4D-7735857C217D}.Ad-Hoc|iPhone.ActiveCfg = Release|Any CPU
		{11D2DE03-CD50-4877-9D4D-7735857C217D}.Ad-Hoc|iPhone.Build.0 = Release|Any CPU
		{11D2DE03-CD50-4877-9D4D-7735857C217D}.Ad-Hoc|iPhoneSimulator.ActiveCfg = Release|Any CPU
		{11D2DE03-CD50-4877-9D4D-7735857C217D}.Ad-Hoc|iPhoneSimulator.Build.0 = Release|Any CPU
		{11D2DE03-CD50-4877-9D4D-7735857C217D}.AppStore|Any CPU.ActiveCfg = Release|Any CPU
		{11D2DE03-CD50-4877-9D4D-7735857C217D}.AppStore|Any CPU.Build.0 = Release|Any CPU
		{11D2DE03-CD50-4877-9D4D-7735857C217D}.AppStore|iPhone.ActiveCfg = Release|Any CPU
		{11D2DE03-CD50-4877-9D4D-7735857C217D}.AppStore|iPhone.Build.0 = Release|Any CPU
		{11D2DE03-CD50-4877-9D4D-7735857C217D}.AppStore|iPhoneSimulator.ActiveCfg = Release|Any CPU
		{11D2DE03-CD50-4877-9D4D-7735857C217D}.AppStore|iPhoneSimulator.Build.0 = Release|Any CPU
		{11D2DE03-CD50-4877-9D4D-7735857C217D}.Debug|Any CPU.ActiveCfg = Debug|Any CPU
		{11D2DE03-CD50-4877-9D4D-7735857C217D}.Debug|Any CPU.Build.0 = Debug|Any CPU
		{11D2DE03-CD50-4877-9D4D-7735857C217D}.Debug|iPhone.ActiveCfg = Debug|Any CPU
		{11D2DE03-CD50-4877-9D4D-7735857C217D}.Debug|iPhone.Build.0 = Debug|Any CPU
		{11D2DE03-CD50-4877-9D4D-7735857C217D}.Debug|iPhoneSimulator.ActiveCfg = Debug|Any CPU
		{11D2DE03-CD50-4877-9D4D-7735857C217D}.Debug|iPhoneSimulator.Build.0 = Debug|Any CPU
		{11D2DE03-CD50-4877-9D4D-7735857C217D}.Release|Any CPU.ActiveCfg = Release|Any CPU
		{11D2DE03-CD50-4877-9D4D-7735857C217D}.Release|Any CPU.Build.0 = Release|Any CPU
		{11D2DE03-CD50-4877-9D4D-7735857C217D}.Release|iPhone.ActiveCfg = Release|Any CPU
		{11D2DE03-CD50-4877-9D4D-7735857C217D}.Release|iPhone.Build.0 = Release|Any CPU
		{11D2DE03-CD50-4877-9D4D-7735857C217D}.Release|iPhoneSimulator.ActiveCfg = Release|Any CPU
		{11D2DE03-CD50-4877-9D4D-7735857C217D}.Release|iPhoneSimulator.Build.0 = Release|Any CPU
		{459A2A48-ED63-4E8A-B659-8B4F973918AC}.Ad-Hoc|Any CPU.ActiveCfg = Release|Any CPU
		{459A2A48-ED63-4E8A-B659-8B4F973918AC}.Ad-Hoc|Any CPU.Build.0 = Release|Any CPU
		{459A2A48-ED63-4E8A-B659-8B4F973918AC}.Ad-Hoc|iPhone.ActiveCfg = Release|Any CPU
		{459A2A48-ED63-4E8A-B659-8B4F973918AC}.Ad-Hoc|iPhone.Build.0 = Release|Any CPU
		{459A2A48-ED63-4E8A-B659-8B4F973918AC}.Ad-Hoc|iPhoneSimulator.ActiveCfg = Release|Any CPU
		{459A2A48-ED63-4E8A-B659-8B4F973918AC}.Ad-Hoc|iPhoneSimulator.Build.0 = Release|Any CPU
		{459A2A48-ED63-4E8A-B659-8B4F973918AC}.AppStore|Any CPU.ActiveCfg = Release|Any CPU
		{459A2A48-ED63-4E8A-B659-8B4F973918AC}.AppStore|Any CPU.Build.0 = Release|Any CPU
		{459A2A48-ED63-4E8A-B659-8B4F973918AC}.AppStore|iPhone.ActiveCfg = Release|Any CPU
		{459A2A48-ED63-4E8A-B659-8B4F973918AC}.AppStore|iPhone.Build.0 = Release|Any CPU
		{459A2A48-ED63-4E8A-B659-8B4F973918AC}.AppStore|iPhoneSimulator.ActiveCfg = Release|Any CPU
		{459A2A48-ED63-4E8A-B659-8B4F973918AC}.AppStore|iPhoneSimulator.Build.0 = Release|Any CPU
		{459A2A48-ED63-4E8A-B659-8B4F973918AC}.Debug|Any CPU.ActiveCfg = Debug|Any CPU
		{459A2A48-ED63-4E8A-B659-8B4F973918AC}.Debug|Any CPU.Build.0 = Debug|Any CPU
		{459A2A48-ED63-4E8A-B659-8B4F973918AC}.Debug|iPhone.ActiveCfg = Debug|Any CPU
		{459A2A48-ED63-4E8A-B659-8B4F973918AC}.Debug|iPhone.Build.0 = Debug|Any CPU
		{459A2A48-ED63-4E8A-B659-8B4F973918AC}.Debug|iPhoneSimulator.ActiveCfg = Debug|Any CPU
		{459A2A48-ED63-4E8A-B659-8B4F973918AC}.Debug|iPhoneSimulator.Build.0 = Debug|Any CPU
		{459A2A48-ED63-4E8A-B659-8B4F973918AC}.Release|Any CPU.ActiveCfg = Release|Any CPU
		{459A2A48-ED63-4E8A-B659-8B4F973918AC}.Release|Any CPU.Build.0 = Release|Any CPU
		{459A2A48-ED63-4E8A-B659-8B4F973918AC}.Release|iPhone.ActiveCfg = Release|Any CPU
		{459A2A48-ED63-4E8A-B659-8B4F973918AC}.Release|iPhone.Build.0 = Release|Any CPU
		{459A2A48-ED63-4E8A-B659-8B4F973918AC}.Release|iPhoneSimulator.ActiveCfg = Release|Any CPU
		{459A2A48-ED63-4E8A-B659-8B4F973918AC}.Release|iPhoneSimulator.Build.0 = Release|Any CPU
		{983EE18A-B341-44E6-A7E7-66E3C51F7650}.Ad-Hoc|Any CPU.ActiveCfg = Release|Any CPU
		{983EE18A-B341-44E6-A7E7-66E3C51F7650}.Ad-Hoc|Any CPU.Build.0 = Release|Any CPU
		{983EE18A-B341-44E6-A7E7-66E3C51F7650}.Ad-Hoc|iPhone.ActiveCfg = Release|Any CPU
		{983EE18A-B341-44E6-A7E7-66E3C51F7650}.Ad-Hoc|iPhone.Build.0 = Release|Any CPU
		{983EE18A-B341-44E6-A7E7-66E3C51F7650}.Ad-Hoc|iPhoneSimulator.ActiveCfg = Release|Any CPU
		{983EE18A-B341-44E6-A7E7-66E3C51F7650}.Ad-Hoc|iPhoneSimulator.Build.0 = Release|Any CPU
		{983EE18A-B341-44E6-A7E7-66E3C51F7650}.AppStore|Any CPU.ActiveCfg = Release|Any CPU
		{983EE18A-B341-44E6-A7E7-66E3C51F7650}.AppStore|Any CPU.Build.0 = Release|Any CPU
		{983EE18A-B341-44E6-A7E7-66E3C51F7650}.AppStore|iPhone.ActiveCfg = Release|Any CPU
		{983EE18A-B341-44E6-A7E7-66E3C51F7650}.AppStore|iPhone.Build.0 = Release|Any CPU
		{983EE18A-B341-44E6-A7E7-66E3C51F7650}.AppStore|iPhoneSimulator.ActiveCfg = Release|Any CPU
		{983EE18A-B341-44E6-A7E7-66E3C51F7650}.AppStore|iPhoneSimulator.Build.0 = Release|Any CPU
		{983EE18A-B341-44E6-A7E7-66E3C51F7650}.Debug|Any CPU.ActiveCfg = Debug|Any CPU
		{983EE18A-B341-44E6-A7E7-66E3C51F7650}.Debug|Any CPU.Build.0 = Debug|Any CPU
		{983EE18A-B341-44E6-A7E7-66E3C51F7650}.Debug|iPhone.ActiveCfg = Debug|Any CPU
		{983EE18A-B341-44E6-A7E7-66E3C51F7650}.Debug|iPhone.Build.0 = Debug|Any CPU
		{983EE18A-B341-44E6-A7E7-66E3C51F7650}.Debug|iPhoneSimulator.ActiveCfg = Debug|Any CPU
		{983EE18A-B341-44E6-A7E7-66E3C51F7650}.Debug|iPhoneSimulator.Build.0 = Debug|Any CPU
		{983EE18A-B341-44E6-A7E7-66E3C51F7650}.Release|Any CPU.ActiveCfg = Release|Any CPU
		{983EE18A-B341-44E6-A7E7-66E3C51F7650}.Release|Any CPU.Build.0 = Release|Any CPU
		{983EE18A-B341-44E6-A7E7-66E3C51F7650}.Release|iPhone.ActiveCfg = Release|Any CPU
		{983EE18A-B341-44E6-A7E7-66E3C51F7650}.Release|iPhone.Build.0 = Release|Any CPU
		{983EE18A-B341-44E6-A7E7-66E3C51F7650}.Release|iPhoneSimulator.ActiveCfg = Release|Any CPU
		{983EE18A-B341-44E6-A7E7-66E3C51F7650}.Release|iPhoneSimulator.Build.0 = Release|Any CPU
		{467B5114-BDB9-4CC9-9B78-4AE3F77372D0}.Ad-Hoc|Any CPU.ActiveCfg = Release|Any CPU
		{467B5114-BDB9-4CC9-9B78-4AE3F77372D0}.Ad-Hoc|Any CPU.Build.0 = Release|Any CPU
		{467B5114-BDB9-4CC9-9B78-4AE3F77372D0}.Ad-Hoc|iPhone.ActiveCfg = Release|Any CPU
		{467B5114-BDB9-4CC9-9B78-4AE3F77372D0}.Ad-Hoc|iPhone.Build.0 = Release|Any CPU
		{467B5114-BDB9-4CC9-9B78-4AE3F77372D0}.Ad-Hoc|iPhoneSimulator.ActiveCfg = Release|Any CPU
		{467B5114-BDB9-4CC9-9B78-4AE3F77372D0}.Ad-Hoc|iPhoneSimulator.Build.0 = Release|Any CPU
		{467B5114-BDB9-4CC9-9B78-4AE3F77372D0}.AppStore|Any CPU.ActiveCfg = Release|Any CPU
		{467B5114-BDB9-4CC9-9B78-4AE3F77372D0}.AppStore|Any CPU.Build.0 = Release|Any CPU
		{467B5114-BDB9-4CC9-9B78-4AE3F77372D0}.AppStore|iPhone.ActiveCfg = Release|Any CPU
		{467B5114-BDB9-4CC9-9B78-4AE3F77372D0}.AppStore|iPhone.Build.0 = Release|Any CPU
		{467B5114-BDB9-4CC9-9B78-4AE3F77372D0}.AppStore|iPhoneSimulator.ActiveCfg = Release|Any CPU
		{467B5114-BDB9-4CC9-9B78-4AE3F77372D0}.AppStore|iPhoneSimulator.Build.0 = Release|Any CPU
		{467B5114-BDB9-4CC9-9B78-4AE3F77372D0}.Debug|Any CPU.ActiveCfg = Debug|Any CPU
		{467B5114-BDB9-4CC9-9B78-4AE3F77372D0}.Debug|Any CPU.Build.0 = Debug|Any CPU
		{467B5114-BDB9-4CC9-9B78-4AE3F77372D0}.Debug|iPhone.ActiveCfg = Debug|Any CPU
		{467B5114-BDB9-4CC9-9B78-4AE3F77372D0}.Debug|iPhone.Build.0 = Debug|Any CPU
		{467B5114-BDB9-4CC9-9B78-4AE3F77372D0}.Debug|iPhoneSimulator.ActiveCfg = Debug|Any CPU
		{467B5114-BDB9-4CC9-9B78-4AE3F77372D0}.Debug|iPhoneSimulator.Build.0 = Debug|Any CPU
		{467B5114-BDB9-4CC9-9B78-4AE3F77372D0}.Release|Any CPU.ActiveCfg = Release|Any CPU
		{467B5114-BDB9-4CC9-9B78-4AE3F77372D0}.Release|Any CPU.Build.0 = Release|Any CPU
		{467B5114-BDB9-4CC9-9B78-4AE3F77372D0}.Release|iPhone.ActiveCfg = Release|Any CPU
		{467B5114-BDB9-4CC9-9B78-4AE3F77372D0}.Release|iPhone.Build.0 = Release|Any CPU
		{467B5114-BDB9-4CC9-9B78-4AE3F77372D0}.Release|iPhoneSimulator.ActiveCfg = Release|Any CPU
		{467B5114-BDB9-4CC9-9B78-4AE3F77372D0}.Release|iPhoneSimulator.Build.0 = Release|Any CPU
	EndGlobalSection
	GlobalSection(SolutionProperties) = preSolution
		HideSolutionNode = FALSE
	EndGlobalSection
	GlobalSection(ExtensibilityGlobals) = postSolution
		RESX_PrefixTranslations = False
		SolutionGuid = {B4DF86A8-2789-4DAC-B6E6-B455A17B5B0F}
	EndGlobalSection
EndGlobal
